{
  "version": 4,
  "terraform_version": "1.14.4",
  "serial": 1,
  "lineage": "63a24325-9308-2e3f-72fd-82497e73af29",
  "outputs": {},
  "resources": [
    {
      "mode": "data",
      "type": "google_compute_network",
      "name": "default",
      "provider": "provider[\"registry.terraform.io/hashicorp/google\"]",
      "instances": [
        {
          "schema_version": 0,
          "attributes": {
            "description": "Default network for the project",
            "gateway_ipv4": "",
            "id": "projects/hospital-project-485718/global/networks/default",
            "name": "default",
            "project": null,
            "self_link": "https://www.googleapis.com/compute/v1/projects/hospital-project-485718/global/networks/default",
            "subnetworks_self_links": [
              "https://www.googleapis.com/compute/v1/projects/hospital-project-485718/regions/me-west1/subnetworks/default",
              "https://www.googleapis.com/compute/v1/projects/hospital-project-485718/regions/europe-west6/subnetworks/default",
              "https://www.googleapis.com/compute/v1/projects/hospital-project-485718/regions/australia-southeast1/subnetworks/default",
              "https://www.googleapis.com/compute/v1/projects/hospital-project-485718/regions/europe-west2/subnetworks/default",
              "https://www.googleapis.com/compute/v1/projects/hospital-project-485718/regions/southamerica-west1/subnetworks/default",
              "https://www.googleapis.com/compute/v1/projects/hospital-project-485718/regions/us-south1/subnetworks/default",
              "https://www.googleapis.com/compute/v1/projects/hospital-project-485718/regions/europe-north2/subnetworks/default",
              "https://www.googleapis.com/compute/v1/projects/hospital-project-485718/regions/europe-central2/subnetworks/default",
              "https://www.googleapis.com/compute/v1/projects/hospital-project-485718/regions/europe-west9/subnetworks/default",
              "https://www.googleapis.com/compute/v1/projects/hospital-project-485718/regions/asia-southeast2/subnetworks/default",
              "https://www.googleapis.com/compute/v1/projects/hospital-project-485718/regions/asia-south2/subnetworks/default",
              "https://www.googleapis.com/compute/v1/projects/hospital-project-485718/regions/asia-east2/subnetworks/default",
              "https://www.googleapis.com/compute/v1/projects/hospital-project-485718/regions/asia-northeast2/subnetworks/default",
              "https://www.googleapis.com/compute/v1/projects/hospital-project-485718/regions/europe-west4/subnetworks/default",
              "https://www.googleapis.com/compute/v1/projects/hospital-project-485718/regions/us-central1/subnetworks/default",
              "https://www.googleapis.com/compute/v1/projects/hospital-project-485718/regions/africa-south1/subnetworks/default",
              "https://www.googleapis.com/compute/v1/projects/hospital-project-485718/regions/me-central1/subnetworks/default",
              "https://www.googleapis.com/compute/v1/projects/hospital-project-485718/regions/europe-west3/subnetworks/default",
              "https://www.googleapis.com/compute/v1/projects/hospital-project-485718/regions/europe-west12/subnetworks/default",
              "https://www.googleapis.com/compute/v1/projects/hospital-project-485718/regions/asia-northeast1/subnetworks/default",
              "https://www.googleapis.com/compute/v1/projects/hospital-project-485718/regions/europe-west1/subnetworks/default",
              "https://www.googleapis.com/compute/v1/projects/hospital-project-485718/regions/us-west1/subnetworks/default",
              "https://www.googleapis.com/compute/v1/projects/hospital-project-485718/regions/australia-southeast2/subnetworks/default",
              "https://www.googleapis.com/compute/v1/projects/hospital-project-485718/regions/asia-southeast1/subnetworks/default",
              "https://www.googleapis.com/compute/v1/projects/hospital-project-485718/regions/asia-southeast3/subnetworks/default",
              "https://www.googleapis.com/compute/v1/projects/hospital-project-485718/regions/europe-southwest1/subnetworks/default",
              "https://www.googleapis.com/compute/v1/projects/hospital-project-485718/regions/us-west4/subnetworks/default",
              "https://www.googleapis.com/compute/v1/projects/hospital-project-485718/regions/northamerica-south1/subnetworks/default",
              "https://www.googleapis.com/compute/v1/projects/hospital-project-485718/regions/asia-east1/subnetworks/default",
              "https://www.googleapis.com/compute/v1/projects/hospital-project-485718/regions/europe-west10/subnetworks/default",
              "https://www.googleapis.com/compute/v1/projects/hospital-project-485718/regions/us-east1/subnetworks/default",
              "https://www.googleapis.com/compute/v1/projects/hospital-project-485718/regions/us-east5/subnetworks/default",
              "https://www.googleapis.com/compute/v1/projects/hospital-project-485718/regions/northamerica-northeast2/subnetworks/default",
              "https://www.googleapis.com/compute/v1/projects/hospital-project-485718/regions/us-west2/subnetworks/default",
              "https://www.googleapis.com/compute/v1/projects/hospital-project-485718/regions/us-east4/subnetworks/default",
              "https://www.googleapis.com/compute/v1/projects/hospital-project-485718/regions/europe-north1/subnetworks/default",
              "https://www.googleapis.com/compute/v1/projects/hospital-project-485718/regions/asia-northeast3/subnetworks/default",
              "https://www.googleapis.com/compute/v1/projects/hospital-project-485718/regions/us-west3/subnetworks/default",
              "https://www.googleapis.com/compute/v1/projects/hospital-project-485718/regions/northamerica-northeast1/subnetworks/default",
              "https://www.googleapis.com/compute/v1/projects/hospital-project-485718/regions/europe-west8/subnetworks/default",
              "https://www.googleapis.com/compute/v1/projects/hospital-project-485718/regions/southamerica-east1/subnetworks/default",
              "https://www.googleapis.com/compute/v1/projects/hospital-project-485718/regions/asia-south1/subnetworks/default"
            ]
          },
          "sensitive_attributes": [],
          "identity_schema_version": 0
        }
      ]
    },
    {
      "mode": "managed",
      "type": "google_container_cluster",
      "name": "existing",
      "provider": "provider[\"registry.terraform.io/hashicorp/google\"]",
      "instances": [
        {
          "schema_version": 1,
          "attributes": {
            "addons_config": [
              {
                "cloudrun_config": [
                  {
                    "disabled": true,
                    "load_balancer_type": ""
                  }
                ],
                "config_connector_config": [
                  {
                    "enabled": false
                  }
                ],
                "dns_cache_config": [
                  {
                    "enabled": true
                  }
                ],
                "gce_persistent_disk_csi_driver_config": [
                  {
                    "enabled": true
                  }
                ],
                "gcp_filestore_csi_driver_config": [
                  {
                    "enabled": false
                  }
                ],
                "gcs_fuse_csi_driver_config": [
                  {
                    "enabled": false
                  }
                ],
                "gke_backup_agent_config": [
                  {
                    "enabled": false
                  }
                ],
                "horizontal_pod_autoscaling": [],
                "http_load_balancing": [
                  {
                    "disabled": false
                  }
                ],
                "network_policy_config": [
                  {
                    "disabled": true
                  }
                ]
              }
            ],
            "allow_net_admin": null,
            "authenticator_groups_config": [
              {
                "security_group": ""
              }
            ],
            "binary_authorization": [
              {
                "enabled": false,
                "evaluation_mode": "DISABLED"
              }
            ],
            "cluster_autoscaling": [
              {
                "auto_provisioning_defaults": [],
                "enabled": false,
                "resource_limits": []
              }
            ],
            "cluster_ipv4_cidr": "10.8.0.0/14",
            "confidential_nodes": [],
            "cost_management_config": [
              {
                "enabled": false
              }
            ],
            "database_encryption": [
              {
                "key_name": "",
                "state": "DECRYPTED"
              }
            ],
            "datapath_provider": "LEGACY_DATAPATH",
            "default_max_pods_per_node": 110,
            "default_snat_status": [
              {
                "disabled": false
              }
            ],
            "description": "",
            "dns_config": [
              {
                "cluster_dns": "KUBE_DNS",
                "cluster_dns_domain": "",
                "cluster_dns_scope": ""
              }
            ],
            "enable_autopilot": false,
            "enable_binary_authorization": false,
            "enable_intranode_visibility": false,
            "enable_k8s_beta_apis": [],
            "enable_kubernetes_alpha": false,
            "enable_l4_ilb_subsetting": false,
            "enable_legacy_abac": false,
            "enable_shielded_nodes": true,
            "enable_tpu": false,
            "endpoint": "136.116.206.169",
            "gateway_api_config": [],
            "id": "projects/hospital-project-485718/locations/us-central1-a/clusters/cluster-1",
            "initial_node_count": 0,
            "ip_allocation_policy": [
              {
                "additional_pod_ranges_config": [],
                "cluster_ipv4_cidr_block": "10.8.0.0/14",
                "cluster_secondary_range_name": "gke-cluster-1-pods-a6d2f43f",
                "pod_cidr_overprovision_config": [
                  {
                    "disabled": false
                  }
                ],
                "services_ipv4_cidr_block": "34.118.224.0/20",
                "services_secondary_range_name": "",
                "stack_type": "IPV4"
              }
            ],
            "label_fingerprint": "a9dc16a7",
            "location": "us-central1-a",
            "logging_config": [
              {
                "enable_components": [
                  "SYSTEM_COMPONENTS",
                  "WORKLOADS"
                ]
              }
            ],
            "logging_service": "logging.googleapis.com/kubernetes",
            "maintenance_policy": [],
            "master_auth": [
              {
                "client_certificate": "",
                "client_certificate_config": [
                  {
                    "issue_client_certificate": false
                  }
                ],
                "client_key": "",
                "cluster_ca_certificate": "LS0tLS1CRUdJTiBDRVJUSUZJQ0FURS0tLS0tCk1JSUVMVENDQXBXZ0F3SUJBZ0lSQUt2K0J1TDcwcUZWSHhPb3cwYWc4a293RFFZSktvWklodmNOQVFFTEJRQXcKTHpFdE1Dc0dBMVVFQXhNa05tVmtZelUyTkRZdFlqbGlNeTAwTldFNUxUbGhZVGN0T1dVeU1EVXdNRGMzWWpVMwpNQ0FYRFRJMk1ERXlPREU0TXpJMU5Gb1lEekl3TlRZd01USXhNVGt6TWpVMFdqQXZNUzB3S3dZRFZRUURFeVEyClpXUmpOVFkwTmkxaU9XSXpMVFExWVRrdE9XRmhOeTA1WlRJd05UQXdOemRpTlRjd2dnR2lNQTBHQ1NxR1NJYjMKRFFFQkFRVUFBNElCandBd2dnR0tBb0lCZ1FDc2F5eVRBcFV4eHhIanlIZHMvT2lPaWFSek9GQ0xHRlVxSElWcgpTTlVObGZRN3V3OGxJWGFxMnplSWpEcnR1a04wcUdtYnUwS21LeGZ5S0kwSEJlSmFFY3NuNjl1U2ZQd01QSEZJCktlZnFoUFIvNWViY2w2LzRvTlZUMFRrWEg3K3JnWXA4eGlsZjhHeE5QSTZaVUp4Y0RmZUVDQm1RSkk4eVhkWkcKNXB0ak9TR3FFU2hPMjFFemx3SmZ4cFVsWDJmSmJZSE5UaUdaYW5yOGRsMXRaek9PSHFtdXY1Ty9QSWNpMk5UTwpoUVYrTC9raWxPY0oya3lST3BoRElIa2NBNjFxRk1zYVhNRXZrTWd1R2FzSWQ4eHZDb2tSdU91OW5CdExicVl1CmJsUjI4NTU1L0d6UFEvSGd0UFRINlNoNGxUOUEyRWZMUmRXMUhGRmJpRStqblVWdzNIZ3MrZkJqanAwd0o3ZzEKZlpFcVhGTVJjcU0zckZHWkhreWp3RDdYanFLeTJQUHNtZ1lYVGpJU1gycFdrb0lCU1JoZVhHazBma1I3VVFjQQpnc3BXa2ZGOWFnelpwOTV2MkZ1YTlGc1RhdUpNQUhERFJjZk9WaUw1bDdQVlRRZEdKWFdvZkFqdEdyMDVEMFdCCmllNFFFeCtpbFpQeFN2YU1ud3Y3d2hkdFMvVUNBd0VBQWFOQ01FQXdEZ1lEVlIwUEFRSC9CQVFEQWdJRU1BOEcKQTFVZEV3RUIvd1FGTUFNQkFmOHdIUVlEVlIwT0JCWUVGSTQwWEN2d0k5OWpidkNsU1l4WTE0bEIzcGVITUEwRwpDU3FHU0liM0RRRUJDd1VBQTRJQmdRQThzSWlKUmJnM25OQ0VBVlErNWl4MHFDNzhyanlqR3ErMVZFbFV5c2gwCkxXR3ZRZUlMbENjbENPNXdEV2NCdk9CM0VxeXdacENjSllDanNsaWQyMmxDR00vVWc2dUdRYUpGK04zTkxob20KYnJXTnlhWDQ4djN5YXZaa0lHTXdnNGF3SzNWSDd4eHhFSFQycG9EV3VUWGhEcWN1NE1YQnN6NTNtUUNFZk5QTQpSUmNIb3dyZnJEdzVSKzIzNi80SFM3WDNYL0VzMDNmOVRhWDE0TmJ1SUJpOHlMNTRRNzJZWFJTNlg1T1RJUUs2CnFWNHZCM0tKNGxPYytJNk1FZnJvbmJaTHZlVm5Qa0Q5MVE3WXU3WjgyQjNSTVFaMG0xYnZEZnExNlIwZmFORUgKMkdPLzR2Y1AxOS9pSU8rZnJ3dklsTVpVWStRNk9aSWlIN3FrMDhlT3JxcXJMUC92aHI5YnR2YmlJbW1wWXM4eAp5OTVsb2F3OXZQdEVZRzBpcTVwdkFmWXl3eUM5My9pcGRGL0FMUS9sSmVhbXRaNTRJV1hYMVF5cktPQk84T0EwCkpnZ1I1VnZTa1kwNFY1WVZ0R1hpbWFOMUR1NTJmU0txNGRWbG1PMFUrSUN5TlpRd0xrUEVYSW5UZWsyMWZiNHIKOU5wTzdaNytKS2Zpa2ZoVzZoQmZDTTA9Ci0tLS0tRU5EIENFUlRJRklDQVRFLS0tLS0K"
              }
            ],
            "master_authorized_networks_config": [],
            "master_version": "1.33.5-gke.2100000",
            "mesh_certificates": [],
            "min_master_version": null,
            "monitoring_config": [
              {
                "advanced_datapath_observability_config": [
                  {
                    "enable_metrics": false,
                    "relay_mode": ""
                  }
                ],
                "enable_components": [
                  "SYSTEM_COMPONENTS",
                  "STORAGE",
                  "POD",
                  "DEPLOYMENT",
                  "STATEFULSET",
                  "DAEMONSET",
                  "HPA",
                  "JOBSET",
                  "CADVISOR",
                  "KUBELET",
                  "DCGM"
                ],
                "managed_prometheus": [
                  {
                    "enabled": true
                  }
                ]
              }
            ],
            "monitoring_service": "monitoring.googleapis.com/kubernetes",
            "name": "cluster-1",
            "network": "projects/hospital-project-485718/global/networks/default",
            "network_policy": [
              {
                "enabled": false,
                "provider": "PROVIDER_UNSPECIFIED"
              }
            ],
            "networking_mode": "VPC_NATIVE",
            "node_config": [
              {
                "advanced_machine_features": [
                  {
                    "threads_per_core": 0
                  }
                ],
                "boot_disk_kms_key": "",
                "confidential_nodes": [],
                "disk_size_gb": 100,
                "disk_type": "pd-standard",
                "ephemeral_storage_local_ssd_config": [
                  {
                    "local_ssd_count": 0
                  }
                ],
                "fast_socket": [],
                "gcfs_config": [],
                "guest_accelerator": [],
                "gvnic": [],
                "host_maintenance_policy": [],
                "image_type": "COS_CONTAINERD",
                "kubelet_config": [
                  {
                    "cpu_cfs_quota": false,
                    "cpu_cfs_quota_period": "",
                    "cpu_manager_policy": "",
                    "pod_pids_limit": 0
                  }
                ],
                "labels": {},
                "linux_node_config": [],
                "local_nvme_ssd_block_config": [],
                "local_ssd_count": 0,
                "logging_variant": "DEFAULT",
                "machine_type": "e2-medium",
                "metadata": {
                  "disable-legacy-endpoints": "true"
                },
                "min_cpu_platform": "",
                "node_group": "",
                "oauth_scopes": [
                  "https://www.googleapis.com/auth/devstorage.read_only",
                  "https://www.googleapis.com/auth/logging.write",
                  "https://www.googleapis.com/auth/monitoring",
                  "https://www.googleapis.com/auth/service.management.readonly",
                  "https://www.googleapis.com/auth/servicecontrol",
                  "https://www.googleapis.com/auth/trace.append"
                ],
                "preemptible": false,
                "reservation_affinity": [],
                "resource_labels": {
                  "goog-gke-node-pool-provisioning-model": "on-demand"
                },
                "service_account": "default",
                "shielded_instance_config": [
                  {
                    "enable_integrity_monitoring": true,
                    "enable_secure_boot": false
                  }
                ],
                "sole_tenant_config": [],
                "spot": false,
                "tags": [],
                "taint": [],
                "workload_metadata_config": []
              }
            ],
            "node_locations": [],
            "node_pool": [
              {
                "autoscaling": [],
                "initial_node_count": 1,
                "instance_group_urls": [
                  "https://www.googleapis.com/compute/v1/projects/hospital-project-485718/zones/us-central1-a/instanceGroupManagers/gke-cluster-1-default-pool-b9ea7a21-grp"
                ],
                "managed_instance_group_urls": [
                  "https://www.googleapis.com/compute/v1/projects/hospital-project-485718/zones/us-central1-a/instanceGroups/gke-cluster-1-default-pool-b9ea7a21-grp"
                ],
                "management": [
                  {
                    "auto_repair": true,
                    "auto_upgrade": true
                  }
                ],
                "max_pods_per_node": 110,
                "name": "default-pool",
                "name_prefix": "",
                "network_config": [
                  {
                    "create_pod_range": false,
                    "enable_private_nodes": false,
                    "pod_cidr_overprovision_config": [],
                    "pod_ipv4_cidr_block": "10.8.0.0/14",
                    "pod_range": "gke-cluster-1-pods-a6d2f43f"
                  }
                ],
                "node_config": [
                  {
                    "advanced_machine_features": [
                      {
                        "threads_per_core": 0
                      }
                    ],
                    "boot_disk_kms_key": "",
                    "confidential_nodes": [],
                    "disk_size_gb": 100,
                    "disk_type": "pd-standard",
                    "ephemeral_storage_local_ssd_config": [
                      {
                        "local_ssd_count": 0
                      }
                    ],
                    "fast_socket": [],
                    "gcfs_config": [],
                    "guest_accelerator": [],
                    "gvnic": [],
                    "host_maintenance_policy": [],
                    "image_type": "COS_CONTAINERD",
                    "kubelet_config": [
                      {
                        "cpu_cfs_quota": false,
                        "cpu_cfs_quota_period": "",
                        "cpu_manager_policy": "",
                        "pod_pids_limit": 0
                      }
                    ],
                    "labels": {},
                    "linux_node_config": [],
                    "local_nvme_ssd_block_config": [],
                    "local_ssd_count": 0,
                    "logging_variant": "DEFAULT",
                    "machine_type": "e2-medium",
                    "metadata": {
                      "disable-legacy-endpoints": "true"
                    },
                    "min_cpu_platform": "",
                    "node_group": "",
                    "oauth_scopes": [
                      "https://www.googleapis.com/auth/devstorage.read_only",
                      "https://www.googleapis.com/auth/logging.write",
                      "https://www.googleapis.com/auth/monitoring",
                      "https://www.googleapis.com/auth/service.management.readonly",
                      "https://www.googleapis.com/auth/servicecontrol",
                      "https://www.googleapis.com/auth/trace.append"
                    ],
                    "preemptible": false,
                    "reservation_affinity": [],
                    "resource_labels": {
                      "goog-gke-node-pool-provisioning-model": "on-demand"
                    },
                    "service_account": "default",
                    "shielded_instance_config": [
                      {
                        "enable_integrity_monitoring": true,
                        "enable_secure_boot": false
                      }
                    ],
                    "sole_tenant_config": [],
                    "spot": false,
                    "tags": [],
                    "taint": [],
                    "workload_metadata_config": []
                  }
                ],
                "node_count": 1,
                "node_locations": [
                  "us-central1-a"
                ],
                "placement_policy": [
                  {
                    "policy_name": "",
                    "tpu_topology": "",
                    "type": ""
                  }
                ],
                "upgrade_settings": [
                  {
                    "blue_green_settings": [],
                    "max_surge": 1,
                    "max_unavailable": 0,
                    "strategy": "SURGE"
                  }
                ],
                "version": "1.33.5-gke.2100000"
              }
            ],
            "node_pool_auto_config": [
              {
                "network_tags": []
              }
            ],
            "node_pool_defaults": [
              {
                "node_config_defaults": [
                  {
                    "logging_variant": "DEFAULT"
                  }
                ]
              }
            ],
            "node_version": "1.33.5-gke.2100000",
            "notification_config": [
              {
                "pubsub": [
                  {
                    "enabled": false,
                    "filter": [],
                    "topic": ""
                  }
                ]
              }
            ],
            "operation": null,
            "private_cluster_config": [
              {
                "enable_private_endpoint": false,
                "enable_private_nodes": false,
                "master_global_access_config": [
                  {
                    "enabled": false
                  }
                ],
                "master_ipv4_cidr_block": "",
                "peering_name": "",
                "private_endpoint": "10.128.0.2",
                "private_endpoint_subnetwork": "",
                "public_endpoint": "136.116.206.169"
              }
            ],
            "private_ipv6_google_access": "",
            "project": "hospital-project-485718",
            "release_channel": [
              {
                "channel": "REGULAR"
              }
            ],
            "remove_default_node_pool": null,
            "resource_labels": {},
            "resource_usage_export_config": [],
            "security_posture_config": [
              {
                "mode": "BASIC",
                "vulnerability_mode": "VULNERABILITY_DISABLED"
              }
            ],
            "self_link": "https://container.googleapis.com/v1/projects/hospital-project-485718/zones/us-central1-a/clusters/cluster-1",
            "service_external_ips_config": [
              {
                "enabled": false
              }
            ],
            "services_ipv4_cidr": "34.118.224.0/20",
            "subnetwork": "projects/hospital-project-485718/regions/us-central1/subnetworks/default",
            "timeouts": {
              "create": null,
              "delete": null,
              "read": null,
              "update": null
            },
            "tpu_ipv4_cidr_block": "",
            "vertical_pod_autoscaling": [
              {
                "enabled": false
              }
            ],
            "workload_identity_config": [
              {
                "workload_pool": ""
              }
            ]
          },
          "sensitive_attributes": [
            [
              {
                "type": "get_attr",
                "value": "master_auth"
              },
              {
                "type": "index",
                "value": {
                  "value": 0,
                  "type": "number"
                }
              },
              {
                "type": "get_attr",
                "value": "client_key"
              }
            ]
          ],
          "identity_schema_version": 0,
          "private": "eyJlMmJmYjczMC1lY2FhLTExZTYtOGY4OC0zNDM2M2JjN2M0YzAiOnsiY3JlYXRlIjoyNDAwMDAwMDAwMDAwLCJkZWxldGUiOjI0MDAwMDAwMDAwMDAsInJlYWQiOjI0MDAwMDAwMDAwMDAsInVwZGF0ZSI6MzYwMDAwMDAwMDAwMH0sInNjaGVtYV92ZXJzaW9uIjoiMSJ9"
        }
      ]
    }
  ],
  "check_results": null
}
